
Microsoft Visual Studio Solution File, Format Version 12.00
# Visual Studio Version 16
VisualStudioVersion = 16.0.30204.135
MinimumVisualStudioVersion = 10.0.40219.1
Project("{FAE04EC0-301F-11D3-BF4B-00C04F79EFBC}") = "XFF_vision", "XFF_vision\XFF_vision.csproj", "{B1F46706-40A9-49AC-A1BD-A58CEB1AA358}"
EndProject
Project("{FAE04EC0-301F-11D3-BF4B-00C04F79EFBC}") = "VisionTool", "VisionTool\VisionTool.csproj", "{D5D4FE99-F107-49CB-89F7-62EEC87BA32C}"
EndProject
Project("{FAE04EC0-301F-11D3-BF4B-00C04F79EFBC}") = "ViewControl", "ViewControl\ViewControl.csproj", "{803BED74-B884-4D0F-A6B5-9A44464F0D09}"
EndProject
Project("{2150E333-8FDC-42A3-9474-1A3956D46DE8}") = "Solution Items", "Solution Items", "{4BECEC85-EEE8-4639-827B-0A5494E763E4}"
	ProjectSection(SolutionItems) = preProject
		HOperatorSet_EX\HOperatorSet_EX.csproj = HOperatorSet_EX\HOperatorSet_EX.csproj
	EndProjectSection
EndProject
Project("{FAE04EC0-301F-11D3-BF4B-00C04F79EFBC}") = "HOperatorSet_EX", "HOperatorSet_EX\HOperatorSet_EX.csproj", "{D5ABFACE-E39D-4358-8DEC-853C5337014F}"
EndProject
Project("{FAE04EC0-301F-11D3-BF4B-00C04F79EFBC}") = "RS232_IO", "RS232_IO\RS232_IO.csproj", "{E9D72EC2-B592-4451-AB7F-CC39ADF2E3E4}"
EndProject
Project("{FAE04EC0-301F-11D3-BF4B-00C04F79EFBC}") = "LED", "LED_Con\LED.csproj", "{A01011D1-C266-4135-A06A-35CB8E2EC652}"
EndProject
Project("{FAE04EC0-301F-11D3-BF4B-00C04F79EFBC}") = "SerialPort", "SerialPort_Con\SerialPort.csproj", "{7EB17892-071A-4D96-83E1-96F6A8B7FF0A}"
EndProject
Project("{FAE04EC0-301F-11D3-BF4B-00C04F79EFBC}") = "VisionCon", "VisionCon\VisionCon.csproj", "{AE0C5EA4-E516-44B6-8E9D-986674B19A33}"
EndProject
Global
	GlobalSection(SolutionConfigurationPlatforms) = preSolution
		Debug|Any CPU = Debug|Any CPU
		Debug|Mixed Platforms = Debug|Mixed Platforms
		Debug|x86 = Debug|x86
		Release|Any CPU = Release|Any CPU
		Release|Mixed Platforms = Release|Mixed Platforms
		Release|x86 = Release|x86
	EndGlobalSection
	GlobalSection(ProjectConfigurationPlatforms) = postSolution
		{B1F46706-40A9-49AC-A1BD-A58CEB1AA358}.Debug|Any CPU.ActiveCfg = Debug|x86
		{B1F46706-40A9-49AC-A1BD-A58CEB1AA358}.Debug|Mixed Platforms.ActiveCfg = Debug|x86
		{B1F46706-40A9-49AC-A1BD-A58CEB1AA358}.Debug|Mixed Platforms.Build.0 = Debug|x86
		{B1F46706-40A9-49AC-A1BD-A58CEB1AA358}.Debug|x86.ActiveCfg = Debug|x86
		{B1F46706-40A9-49AC-A1BD-A58CEB1AA358}.Debug|x86.Build.0 = Debug|x86
		{B1F46706-40A9-49AC-A1BD-A58CEB1AA358}.Release|Any CPU.ActiveCfg = Release|x86
		{B1F46706-40A9-49AC-A1BD-A58CEB1AA358}.Release|Mixed Platforms.ActiveCfg = Release|x86
		{B1F46706-40A9-49AC-A1BD-A58CEB1AA358}.Release|Mixed Platforms.Build.0 = Release|x86
		{B1F46706-40A9-49AC-A1BD-A58CEB1AA358}.Release|x86.ActiveCfg = Release|x86
		{B1F46706-40A9-49AC-A1BD-A58CEB1AA358}.Release|x86.Build.0 = Release|x86
		{D5D4FE99-F107-49CB-89F7-62EEC87BA32C}.Debug|Any CPU.ActiveCfg = Debug|Any CPU
		{D5D4FE99-F107-49CB-89F7-62EEC87BA32C}.Debug|Any CPU.Build.0 = Debug|Any CPU
		{D5D4FE99-F107-49CB-89F7-62EEC87BA32C}.Debug|Mixed Platforms.ActiveCfg = Debug|Any CPU
		{D5D4FE99-F107-49CB-89F7-62EEC87BA32C}.Debug|Mixed Platforms.Build.0 = Debug|Any CPU
		{D5D4FE99-F107-49CB-89F7-62EEC87BA32C}.Debug|x86.ActiveCfg = Debug|Any CPU
		{D5D4FE99-F107-49CB-89F7-62EEC87BA32C}.Release|Any CPU.ActiveCfg = Release|Any CPU
		{D5D4FE99-F107-49CB-89F7-62EEC87BA32C}.Release|Any CPU.Build.0 = Release|Any CPU
		{D5D4FE99-F107-49CB-89F7-62EEC87BA32C}.Release|Mixed Platforms.ActiveCfg = Release|Any CPU
		{D5D4FE99-F107-49CB-89F7-62EEC87BA32C}.Release|Mixed Platforms.Build.0 = Release|Any CPU
		{D5D4FE99-F107-49CB-89F7-62EEC87BA32C}.Release|x86.ActiveCfg = Release|Any CPU
		{803BED74-B884-4D0F-A6B5-9A44464F0D09}.Debug|Any CPU.ActiveCfg = Debug|Any CPU
		{803BED74-B884-4D0F-A6B5-9A44464F0D09}.Debug|Any CPU.Build.0 = Debug|Any CPU
		{803BED74-B884-4D0F-A6B5-9A44464F0D09}.Debug|Mixed Platforms.ActiveCfg = Debug|Any CPU
		{803BED74-B884-4D0F-A6B5-9A44464F0D09}.Debug|Mixed Platforms.Build.0 = Debug|Any CPU
		{803BED74-B884-4D0F-A6B5-9A44464F0D09}.Debug|x86.ActiveCfg = Debug|Any CPU
		{803BED74-B884-4D0F-A6B5-9A44464F0D09}.Release|Any CPU.ActiveCfg = Release|Any CPU
		{803BED74-B884-4D0F-A6B5-9A44464F0D09}.Release|Any CPU.Build.0 = Release|Any CPU
		{803BED74-B884-4D0F-A6B5-9A44464F0D09}.Release|Mixed Platforms.ActiveCfg = Release|Any CPU
		{803BED74-B884-4D0F-A6B5-9A44464F0D09}.Release|Mixed Platforms.Build.0 = Release|Any CPU
		{803BED74-B884-4D0F-A6B5-9A44464F0D09}.Release|x86.ActiveCfg = Release|Any CPU
		{D5ABFACE-E39D-4358-8DEC-853C5337014F}.Debug|Any CPU.ActiveCfg = Debug|Any CPU
		{D5ABFACE-E39D-4358-8DEC-853C5337014F}.Debug|Any CPU.Build.0 = Debug|Any CPU
		{D5ABFACE-E39D-4358-8DEC-853C5337014F}.Debug|Mixed Platforms.ActiveCfg = Debug|Any CPU
		{D5ABFACE-E39D-4358-8DEC-853C5337014F}.Debug|Mixed Platforms.Build.0 = Debug|Any CPU
		{D5ABFACE-E39D-4358-8DEC-853C5337014F}.Debug|x86.ActiveCfg = Debug|Any CPU
		{D5ABFACE-E39D-4358-8DEC-853C5337014F}.Release|Any CPU.ActiveCfg = Release|Any CPU
		{D5ABFACE-E39D-4358-8DEC-853C5337014F}.Release|Any CPU.Build.0 = Release|Any CPU
		{D5ABFACE-E39D-4358-8DEC-853C5337014F}.Release|Mixed Platforms.ActiveCfg = Release|Any CPU
		{D5ABFACE-E39D-4358-8DEC-853C5337014F}.Release|Mixed Platforms.Build.0 = Release|Any CPU
		{D5ABFACE-E39D-4358-8DEC-853C5337014F}.Release|x86.ActiveCfg = Release|Any CPU
		{E9D72EC2-B592-4451-AB7F-CC39ADF2E3E4}.Debug|Any CPU.ActiveCfg = Debug|Any CPU
		{E9D72EC2-B592-4451-AB7F-CC39ADF2E3E4}.Debug|Any CPU.Build.0 = Debug|Any CPU
		{E9D72EC2-B592-4451-AB7F-CC39ADF2E3E4}.Debug|Mixed Platforms.ActiveCfg = Debug|Any CPU
		{E9D72EC2-B592-4451-AB7F-CC39ADF2E3E4}.Debug|Mixed Platforms.Build.0 = Debug|Any CPU
		{E9D72EC2-B592-4451-AB7F-CC39ADF2E3E4}.Debug|x86.ActiveCfg = Debug|Any CPU
		{E9D72EC2-B592-4451-AB7F-CC39ADF2E3E4}.Debug|x86.Build.0 = Debug|Any CPU
		{E9D72EC2-B592-4451-AB7F-CC39ADF2E3E4}.Release|Any CPU.ActiveCfg = Release|Any CPU
		{E9D72EC2-B592-4451-AB7F-CC39ADF2E3E4}.Release|Any CPU.Build.0 = Release|Any CPU
		{E9D72EC2-B592-4451-AB7F-CC39ADF2E3E4}.Release|Mixed Platforms.ActiveCfg = Release|Any CPU
		{E9D72EC2-B592-4451-AB7F-CC39ADF2E3E4}.Release|Mixed Platforms.Build.0 = Release|Any CPU
		{E9D72EC2-B592-4451-AB7F-CC39ADF2E3E4}.Release|x86.ActiveCfg = Release|Any CPU
		{E9D72EC2-B592-4451-AB7F-CC39ADF2E3E4}.Release|x86.Build.0 = Release|Any CPU
		{A01011D1-C266-4135-A06A-35CB8E2EC652}.Debug|Any CPU.ActiveCfg = Debug|Any CPU
		{A01011D1-C266-4135-A06A-35CB8E2EC652}.Debug|Any CPU.Build.0 = Debug|Any CPU
		{A01011D1-C266-4135-A06A-35CB8E2EC652}.Debug|Mixed Platforms.ActiveCfg = Debug|Any CPU
		{A01011D1-C266-4135-A06A-35CB8E2EC652}.Debug|Mixed Platforms.Build.0 = Debug|Any CPU
		{A01011D1-C266-4135-A06A-35CB8E2EC652}.Debug|x86.ActiveCfg = Debug|Any CPU
		{A01011D1-C266-4135-A06A-35CB8E2EC652}.Debug|x86.Build.0 = Debug|Any CPU
		{A01011D1-C266-4135-A06A-35CB8E2EC652}.Release|Any CPU.ActiveCfg = Release|Any CPU
		{A01011D1-C266-4135-A06A-35CB8E2EC652}.Release|Any CPU.Build.0 = Release|Any CPU
		{A01011D1-C266-4135-A06A-35CB8E2EC652}.Release|Mixed Platforms.ActiveCfg = Release|Any CPU
		{A01011D1-C266-4135-A06A-35CB8E2EC652}.Release|Mixed Platforms.Build.0 = Release|Any CPU
		{A01011D1-C266-4135-A06A-35CB8E2EC652}.Release|x86.ActiveCfg = Release|Any CPU
		{A01011D1-C266-4135-A06A-35CB8E2EC652}.Release|x86.Build.0 = Release|Any CPU
		{7EB17892-071A-4D96-83E1-96F6A8B7FF0A}.Debug|Any CPU.ActiveCfg = Debug|Any CPU
		{7EB17892-071A-4D96-83E1-96F6A8B7FF0A}.Debug|Any CPU.Build.0 = Debug|Any CPU
		{7EB17892-071A-4D96-83E1-96F6A8B7FF0A}.Debug|Mixed Platforms.ActiveCfg = Debug|Any CPU
		{7EB17892-071A-4D96-83E1-96F6A8B7FF0A}.Debug|Mixed Platforms.Build.0 = Debug|Any CPU
		{7EB17892-071A-4D96-83E1-96F6A8B7FF0A}.Debug|x86.ActiveCfg = Debug|Any CPU
		{7EB17892-071A-4D96-83E1-96F6A8B7FF0A}.Debug|x86.Build.0 = Debug|Any CPU
		{7EB17892-071A-4D96-83E1-96F6A8B7FF0A}.Release|Any CPU.ActiveCfg = Release|Any CPU
		{7EB17892-071A-4D96-83E1-96F6A8B7FF0A}.Release|Any CPU.Build.0 = Release|Any CPU
		{7EB17892-071A-4D96-83E1-96F6A8B7FF0A}.Release|Mixed Platforms.ActiveCfg = Release|Any CPU
		{7EB17892-071A-4D96-83E1-96F6A8B7FF0A}.Release|Mixed Platforms.Build.0 = Release|Any CPU
		{7EB17892-071A-4D96-83E1-96F6A8B7FF0A}.Release|x86.ActiveCfg = Release|Any CPU
		{7EB17892-071A-4D96-83E1-96F6A8B7FF0A}.Release|x86.Build.0 = Release|Any CPU
		{AE0C5EA4-E516-44B6-8E9D-986674B19A33}.Debug|Any CPU.ActiveCfg = Debug|Any CPU
		{AE0C5EA4-E516-44B6-8E9D-986674B19A33}.Debug|Any CPU.Build.0 = Debug|Any CPU
		{AE0C5EA4-E516-44B6-8E9D-986674B19A33}.Debug|Mixed Platforms.ActiveCfg = Debug|Any CPU
		{AE0C5EA4-E516-44B6-8E9D-986674B19A33}.Debug|Mixed Platforms.Build.0 = Debug|Any CPU
		{AE0C5EA4-E516-44B6-8E9D-986674B19A33}.Debug|x86.ActiveCfg = Debug|Any CPU
		{AE0C5EA4-E516-44B6-8E9D-986674B19A33}.Debug|x86.Build.0 = Debug|Any CPU
		{AE0C5EA4-E516-44B6-8E9D-986674B19A33}.Release|Any CPU.ActiveCfg = Release|Any CPU
		{AE0C5EA4-E516-44B6-8E9D-986674B19A33}.Release|Any CPU.Build.0 = Release|Any CPU
		{AE0C5EA4-E516-44B6-8E9D-986674B19A33}.Release|Mixed Platforms.ActiveCfg = Release|Any CPU
		{AE0C5EA4-E516-44B6-8E9D-986674B19A33}.Release|Mixed Platforms.Build.0 = Release|Any CPU
		{AE0C5EA4-E516-44B6-8E9D-986674B19A33}.Release|x86.ActiveCfg = Release|Any CPU
		{AE0C5EA4-E516-44B6-8E9D-986674B19A33}.Release|x86.Build.0 = Release|Any CPU
	EndGlobalSection
	GlobalSection(SolutionProperties) = preSolution
		HideSolutionNode = FALSE
	EndGlobalSection
	GlobalSection(ExtensibilityGlobals) = postSolution
		SolutionGuid = {BEF52DDA-B892-4594-BDD6-4A87A9CCE613}
	EndGlobalSection
EndGlobal
